
Microsoft Visual Studio Solution File, Format Version 12.00
# Visual Studio Version 16
VisualStudioVersion = 16.0.34729.46
MinimumVisualStudioVersion = 10.0.40219.1
Project("{FAE04EC0-301F-11D3-BF4B-00C04F79EFBC}") = "Dictionary", "Dictionary\Dictionary.csproj", "{D0866E3C-120A-4D41-A235-01BE9B6556C3}"
EndProject
Global
	GlobalSection(SolutionConfigurationPlatforms) = preSolution
		Debug|Any CPU = Debug|Any CPU
		Release|Any CPU = Release|Any CPU
	EndGlobalSection
	GlobalSection(ProjectConfigurationPlatforms) = postSolution
		{D0866E3C-120A-4D41-A235-01BE9B6556C3}.Debug|Any CPU.ActiveCfg = Debug|Any CPU
		{D0866E3C-120A-4D41-A235-01BE9B6556C3}.Debug|Any CPU.Build.0 = Debug|Any CPU
		{D0866E3C-120A-4D41-A235-01BE9B6556C3}.Release|Any CPU.ActiveCfg = Release|Any CPU
		{D0866E3C-120A-4D41-A235-01BE9B6556C3}.Release|Any CPU.Build.0 = Release|Any CPU
	EndGlobalSection
	GlobalSection(SolutionProperties) = preSolution
		HideSolutionNode = FALSE
	EndGlobalSection
	GlobalSection(ExtensibilityGlobals) = postSolution
		SolutionGuid = {165B687D-B0BA-4E0E-8BFF-0CBEC7256D9D}
	EndGlobalSection
EndGlobal
